{
  "name": "typescript-parameters-required",
  "version": "1.0.0",
  "lockfileVersion": 2,
  "requires": true,
  "packages": {
    "": {
      "name": "typescript-parameters-required",
      "devDependencies": {
        "typescript": "^5.1.0-dev.20230402"
      }
    },
    "node_modules/typescript": {
      "version": "5.1.0-dev.20230402",
      "resolved": "https://registry.npmjs.org/typescript/-/typescript-5.1.0-dev.20230402.tgz",
      "integrity": "sha512-YivJhKi6iTmS5qfkSuv/p1NYZtlQLexIHIF25kXxYkpjcs6jEtbLEctviQYTrzGVMq+R0QCTRW5EQtp+NLwtnA==",
      "dev": true,
      "bin": {
        "tsc": "bin/tsc",
        "tsserver": "bin/tsserver"
      },
      "engines": {
        "node": ">=12.20"
      }
    }
  },
  "dependencies": {
    "typescript": {
      "version": "5.1.0-dev.20230402",
      "resolved": "https://registry.npmjs.org/typescript/-/typescript-5.1.0-dev.20230402.tgz",
      "integrity": "sha512-YivJhKi6iTmS5qfkSuv/p1NYZtlQLexIHIF25kXxYkpjcs6jEtbLEctviQYTrzGVMq+R0QCTRW5EQtp+NLwtnA==",
      "dev": true
    }
  }
}
